
Microsoft Visual Studio Solution File, Format Version 12.00
# Visual Studio Version 16
VisualStudioVersion = 16.0.29709.97
MinimumVisualStudioVersion = 10.0.40219.1
Project("{9A19103F-16F7-4668-BE54-9A1E7A4F7556}") = "NewCmsShoppingCart", "NewCmsShoppingCart.csproj", "{BCE019E9-5AAC-4F47-85A3-FDADECD1938D}"
EndProject
Project("{FAE04EC0-301F-11D3-BF4B-00C04F79EFBC}") = "CmsShoppingCartTest", "..\CmsShoppingCartTest\CmsShoppingCartTest.csproj", "{FCC3DCF6-7444-44EF-805D-9F73E8D93D00}"
EndProject
Global
	GlobalSection(SolutionConfigurationPlatforms) = preSolution
		Debug|Any CPU = Debug|Any CPU
		Release|Any CPU = Release|Any CPU
	EndGlobalSection
	GlobalSection(ProjectConfigurationPlatforms) = postSolution
		{BCE019E9-5AAC-4F47-85A3-FDADECD1938D}.Debug|Any CPU.ActiveCfg = Debug|Any CPU
		{BCE019E9-5AAC-4F47-85A3-FDADECD1938D}.Debug|Any CPU.Build.0 = Debug|Any CPU
		{BCE019E9-5AAC-4F47-85A3-FDADECD1938D}.Release|Any CPU.ActiveCfg = Release|Any CPU
		{BCE019E9-5AAC-4F47-85A3-FDADECD1938D}.Release|Any CPU.Build.0 = Release|Any CPU
		{FCC3DCF6-7444-44EF-805D-9F73E8D93D00}.Debug|Any CPU.ActiveCfg = Debug|Any CPU
		{FCC3DCF6-7444-44EF-805D-9F73E8D93D00}.Debug|Any CPU.Build.0 = Debug|Any CPU
		{FCC3DCF6-7444-44EF-805D-9F73E8D93D00}.Release|Any CPU.ActiveCfg = Release|Any CPU
		{FCC3DCF6-7444-44EF-805D-9F73E8D93D00}.Release|Any CPU.Build.0 = Release|Any CPU
	EndGlobalSection
	GlobalSection(SolutionProperties) = preSolution
		HideSolutionNode = FALSE
	EndGlobalSection
	GlobalSection(ExtensibilityGlobals) = postSolution
		SolutionGuid = {2889FF11-49E4-453C-9A7A-ACCC483B1828}
	EndGlobalSection
EndGlobal
